
Microsoft Visual Studio Solution File, Format Version 12.00
# Visual Studio Version 17
VisualStudioVersion = 17.11.35312.102
MinimumVisualStudioVersion = 10.0.40219.1
Project("{FAE04EC0-301F-11D3-BF4B-00C04F79EFBC}") = "ProyectoProgramacionEv4.git", "ProyectoProgramacionEv4.git\ProyectoProgramacionEv4.git.csproj", "{CE096F1D-F35A-4FDA-BAC6-19F01123E48A}"
EndProject
Global
	GlobalSection(SolutionConfigurationPlatforms) = preSolution
		Debug|Any CPU = Debug|Any CPU
		Release|Any CPU = Release|Any CPU
	EndGlobalSection
	GlobalSection(ProjectConfigurationPlatforms) = postSolution
		{CE096F1D-F35A-4FDA-BAC6-19F01123E48A}.Debug|Any CPU.ActiveCfg = Debug|Any CPU
		{CE096F1D-F35A-4FDA-BAC6-19F01123E48A}.Debug|Any CPU.Build.0 = Debug|Any CPU
		{CE096F1D-F35A-4FDA-BAC6-19F01123E48A}.Release|Any CPU.ActiveCfg = Release|Any CPU
		{CE096F1D-F35A-4FDA-BAC6-19F01123E48A}.Release|Any CPU.Build.0 = Release|Any CPU
	EndGlobalSection
	GlobalSection(SolutionProperties) = preSolution
		HideSolutionNode = FALSE
	EndGlobalSection
	GlobalSection(ExtensibilityGlobals) = postSolution
		SolutionGuid = {771D416E-8CA8-4E3D-AB6B-CEE21EA540E2}
	EndGlobalSection
EndGlobal
